
Microsoft Visual Studio Solution File, Format Version 12.00
# Visual Studio 14
VisualStudioVersion = 14.0.25123.0
MinimumVisualStudioVersion = 10.0.40219.1
Project("{FAE04EC0-301F-11D3-BF4B-00C04F79EFBC}") = "RestApi", "RestApi\RestApi.csproj", "{A602EFA1-1E56-4D2A-B11B-11F3EBC3CCBC}"
EndProject
Project("{FAE04EC0-301F-11D3-BF4B-00C04F79EFBC}") = "RestApi.Tests", "RestApi.Tests\RestApi.Tests.csproj", "{15BE8DA0-B4F0-4DEA-9542-D108B8958A85}"
EndProject
Global
	GlobalSection(SolutionConfigurationPlatforms) = preSolution
		Debug|Any CPU = Debug|Any CPU
		Release|Any CPU = Release|Any CPU
	EndGlobalSection
	GlobalSection(ProjectConfigurationPlatforms) = postSolution
		{A602EFA1-1E56-4D2A-B11B-11F3EBC3CCBC}.Debug|Any CPU.ActiveCfg = Debug|Any CPU
		{A602EFA1-1E56-4D2A-B11B-11F3EBC3CCBC}.Debug|Any CPU.Build.0 = Debug|Any CPU
		{A602EFA1-1E56-4D2A-B11B-11F3EBC3CCBC}.Release|Any CPU.ActiveCfg = Release|Any CPU
		{A602EFA1-1E56-4D2A-B11B-11F3EBC3CCBC}.Release|Any CPU.Build.0 = Release|Any CPU
		{15BE8DA0-B4F0-4DEA-9542-D108B8958A85}.Debug|Any CPU.ActiveCfg = Debug|Any CPU
		{15BE8DA0-B4F0-4DEA-9542-D108B8958A85}.Debug|Any CPU.Build.0 = Debug|Any CPU
		{15BE8DA0-B4F0-4DEA-9542-D108B8958A85}.Release|Any CPU.ActiveCfg = Release|Any CPU
		{15BE8DA0-B4F0-4DEA-9542-D108B8958A85}.Release|Any CPU.Build.0 = Release|Any CPU
	EndGlobalSection
	GlobalSection(SolutionProperties) = preSolution
		HideSolutionNode = FALSE
	EndGlobalSection
EndGlobal
